
Microsoft Visual Studio Solution File, Format Version 12.00
# Visual Studio Version 16
VisualStudioVersion = 16.0.30114.105
MinimumVisualStudioVersion = 15.0.26124.0
Project("{2150E333-8FDC-42A3-9474-1A3956D46DE8}") = "src", "src", "{8A9455A7-1192-4771-A302-4B7EE113AC93}"
EndProject
Project("{2150E333-8FDC-42A3-9474-1A3956D46DE8}") = "tests", "tests", "{489EE07F-4BDF-4A2C-8AF1-B172A0514CA2}"
EndProject
Project("{FAE04EC0-301F-11D3-BF4B-00C04F79EFBC}") = "Fortifex4.Domain", "src\Fortifex4.Domain\Fortifex4.Domain.csproj", "{584EFCB1-1583-4186-9902-8C2829FF5B28}"
EndProject
Project("{FAE04EC0-301F-11D3-BF4B-00C04F79EFBC}") = "Fortifex4.Application", "src\Fortifex4.Application\Fortifex4.Application.csproj", "{060C9C34-37AB-46E8-AD03-825D7491132E}"
EndProject
Project("{FAE04EC0-301F-11D3-BF4B-00C04F79EFBC}") = "Fortifex4.Infrastructure", "src\Fortifex4.Infrastructure\Fortifex4.Infrastructure.csproj", "{7CAE5D55-4596-45A3-8836-21F34A956317}"
EndProject
Global
	GlobalSection(SolutionConfigurationPlatforms) = preSolution
		Debug|Any CPU = Debug|Any CPU
		Debug|x64 = Debug|x64
		Debug|x86 = Debug|x86
		Release|Any CPU = Release|Any CPU
		Release|x64 = Release|x64
		Release|x86 = Release|x86
	EndGlobalSection
	GlobalSection(ProjectConfigurationPlatforms) = postSolution
		{584EFCB1-1583-4186-9902-8C2829FF5B28}.Debug|Any CPU.ActiveCfg = Debug|Any CPU
		{584EFCB1-1583-4186-9902-8C2829FF5B28}.Debug|Any CPU.Build.0 = Debug|Any CPU
		{584EFCB1-1583-4186-9902-8C2829FF5B28}.Debug|x64.ActiveCfg = Debug|Any CPU
		{584EFCB1-1583-4186-9902-8C2829FF5B28}.Debug|x64.Build.0 = Debug|Any CPU
		{584EFCB1-1583-4186-9902-8C2829FF5B28}.Debug|x86.ActiveCfg = Debug|Any CPU
		{584EFCB1-1583-4186-9902-8C2829FF5B28}.Debug|x86.Build.0 = Debug|Any CPU
		{584EFCB1-1583-4186-9902-8C2829FF5B28}.Release|Any CPU.ActiveCfg = Release|Any CPU
		{584EFCB1-1583-4186-9902-8C2829FF5B28}.Release|Any CPU.Build.0 = Release|Any CPU
		{584EFCB1-1583-4186-9902-8C2829FF5B28}.Release|x64.ActiveCfg = Release|Any CPU
		{584EFCB1-1583-4186-9902-8C2829FF5B28}.Release|x64.Build.0 = Release|Any CPU
		{584EFCB1-1583-4186-9902-8C2829FF5B28}.Release|x86.ActiveCfg = Release|Any CPU
		{584EFCB1-1583-4186-9902-8C2829FF5B28}.Release|x86.Build.0 = Release|Any CPU
		{060C9C34-37AB-46E8-AD03-825D7491132E}.Debug|Any CPU.ActiveCfg = Debug|Any CPU
		{060C9C34-37AB-46E8-AD03-825D7491132E}.Debug|Any CPU.Build.0 = Debug|Any CPU
		{060C9C34-37AB-46E8-AD03-825D7491132E}.Debug|x64.ActiveCfg = Debug|Any CPU
		{060C9C34-37AB-46E8-AD03-825D7491132E}.Debug|x64.Build.0 = Debug|Any CPU
		{060C9C34-37AB-46E8-AD03-825D7491132E}.Debug|x86.ActiveCfg = Debug|Any CPU
		{060C9C34-37AB-46E8-AD03-825D7491132E}.Debug|x86.Build.0 = Debug|Any CPU
		{060C9C34-37AB-46E8-AD03-825D7491132E}.Release|Any CPU.ActiveCfg = Release|Any CPU
		{060C9C34-37AB-46E8-AD03-825D7491132E}.Release|Any CPU.Build.0 = Release|Any CPU
		{060C9C34-37AB-46E8-AD03-825D7491132E}.Release|x64.ActiveCfg = Release|Any CPU
		{060C9C34-37AB-46E8-AD03-825D7491132E}.Release|x64.Build.0 = Release|Any CPU
		{060C9C34-37AB-46E8-AD03-825D7491132E}.Release|x86.ActiveCfg = Release|Any CPU
		{060C9C34-37AB-46E8-AD03-825D7491132E}.Release|x86.Build.0 = Release|Any CPU
		{7CAE5D55-4596-45A3-8836-21F34A956317}.Debug|Any CPU.ActiveCfg = Debug|Any CPU
		{7CAE5D55-4596-45A3-8836-21F34A956317}.Debug|Any CPU.Build.0 = Debug|Any CPU
		{7CAE5D55-4596-45A3-8836-21F34A956317}.Debug|x64.ActiveCfg = Debug|Any CPU
		{7CAE5D55-4596-45A3-8836-21F34A956317}.Debug|x64.Build.0 = Debug|Any CPU
		{7CAE5D55-4596-45A3-8836-21F34A956317}.Debug|x86.ActiveCfg = Debug|Any CPU
		{7CAE5D55-4596-45A3-8836-21F34A956317}.Debug|x86.Build.0 = Debug|Any CPU
		{7CAE5D55-4596-45A3-8836-21F34A956317}.Release|Any CPU.ActiveCfg = Release|Any CPU
		{7CAE5D55-4596-45A3-8836-21F34A956317}.Release|Any CPU.Build.0 = Release|Any CPU
		{7CAE5D55-4596-45A3-8836-21F34A956317}.Release|x64.ActiveCfg = Release|Any CPU
		{7CAE5D55-4596-45A3-8836-21F34A956317}.Release|x64.Build.0 = Release|Any CPU
		{7CAE5D55-4596-45A3-8836-21F34A956317}.Release|x86.ActiveCfg = Release|Any CPU
		{7CAE5D55-4596-45A3-8836-21F34A956317}.Release|x86.Build.0 = Release|Any CPU
	EndGlobalSection
	GlobalSection(SolutionProperties) = preSolution
		HideSolutionNode = FALSE
	EndGlobalSection
	GlobalSection(NestedProjects) = preSolution
		{584EFCB1-1583-4186-9902-8C2829FF5B28} = {8A9455A7-1192-4771-A302-4B7EE113AC93}
		{060C9C34-37AB-46E8-AD03-825D7491132E} = {8A9455A7-1192-4771-A302-4B7EE113AC93}
		{7CAE5D55-4596-45A3-8836-21F34A956317} = {8A9455A7-1192-4771-A302-4B7EE113AC93}
	EndGlobalSection
	GlobalSection(ExtensibilityGlobals) = postSolution
		SolutionGuid = {460A63CD-5196-495F-8951-FCED5622F1E2}
	EndGlobalSection
EndGlobal
